# This file is automatically @generated by Cargo.
# It is not intended for manual editing.
version = 4

[[package]]
name = "deeproot-abi"
version = "1.4.0"

[[package]]
name = "deeproot-console"
version = "1.4.0"
dependencies = [
 "deeproot-abi",
 "deeproot-user",
]

[[package]]
name = "deeproot-hello"
version = "1.4.0"
dependencies = [
 "deeproot-user",
]

[[package]]
name = "deeproot-init"
version = "1.4.0"
dependencies = [
 "deeproot-abi",
 "deeproot-user",
]

[[package]]
name = "deeproot-kernel"
version = "1.4.0"
dependencies = [
 "deeproot-abi",
]

[[package]]
name = "deeproot-ping"
version = "1.4.0"
dependencies = [
 "deeproot-abi",
 "deeproot-user",
]

[[package]]
name = "deeproot-shell"
version = "1.4.0"
dependencies = [
 "deeproot-user",
]

[[package]]
name = "deeproot-user"
version = "1.4.0"
dependencies = [
 "deeproot-abi",
]
